
Microsoft Visual Studio Solution File, Format Version 11.00
# Visual Studio Version 16

Project("{8BC9CEB8-8B4A-11D0-8D11-00A0C91BC942}") = "P4 project - Standalone Plugin", "P4 project_StandalonePlugin.vcxproj", "{C11ACDC8-AE53-40D6-954E-0126CE9EBE36}"
	ProjectSection(ProjectDependencies) = postProject
		{DA00A896-6C3A-FBC1-A7F8-289786531E30} = {DA00A896-6C3A-FBC1-A7F8-289786531E30}
	EndProjectSection
EndProject
Project("{8BC9CEB8-8B4A-11D0-8D11-00A0C91BC942}") = "P4 project - VST3", "P4 project_VST3.vcxproj", "{D3CD9CBE-A26F-3397-8847-42EBC09982DE}"
	ProjectSection(ProjectDependencies) = postProject
		{DA00A896-6C3A-FBC1-A7F8-289786531E30} = {DA00A896-6C3A-FBC1-A7F8-289786531E30}
	EndProjectSection
EndProject
Project("{8BC9CEB8-8B4A-11D0-8D11-00A0C91BC942}") = "P4 project - Shared Code", "P4 project_SharedCode.vcxproj", "{DA00A896-6C3A-FBC1-A7F8-289786531E30}"
EndProject
Global
	GlobalSection(SolutionConfigurationPlatforms) = preSolution
		Debug|x64 = Debug|x64
		Release|x64 = Release|x64
	EndGlobalSection
	GlobalSection(ProjectConfigurationPlatforms) = postSolution
		{D3CD9CBE-A26F-3397-8847-42EBC09982DE}.Debug|x64.ActiveCfg = Debug|x64
		{D3CD9CBE-A26F-3397-8847-42EBC09982DE}.Debug|x64.Build.0 = Debug|x64
		{D3CD9CBE-A26F-3397-8847-42EBC09982DE}.Release|x64.ActiveCfg = Release|x64
		{D3CD9CBE-A26F-3397-8847-42EBC09982DE}.Release|x64.Build.0 = Release|x64
		{C11ACDC8-AE53-40D6-954E-0126CE9EBE36}.Debug|x64.ActiveCfg = Debug|x64
		{C11ACDC8-AE53-40D6-954E-0126CE9EBE36}.Debug|x64.Build.0 = Debug|x64
		{C11ACDC8-AE53-40D6-954E-0126CE9EBE36}.Release|x64.ActiveCfg = Release|x64
		{C11ACDC8-AE53-40D6-954E-0126CE9EBE36}.Release|x64.Build.0 = Release|x64
		{DA00A896-6C3A-FBC1-A7F8-289786531E30}.Debug|x64.ActiveCfg = Debug|x64
		{DA00A896-6C3A-FBC1-A7F8-289786531E30}.Debug|x64.Build.0 = Debug|x64
		{DA00A896-6C3A-FBC1-A7F8-289786531E30}.Release|x64.ActiveCfg = Release|x64
		{DA00A896-6C3A-FBC1-A7F8-289786531E30}.Release|x64.Build.0 = Release|x64
	EndGlobalSection
	GlobalSection(SolutionProperties) = preSolution
		HideSolutionNode = FALSE
	EndGlobalSection
EndGlobal
