
Microsoft Visual Studio Solution File, Format Version 11.00
# Visual Studio Version 16

Project("{8BC9CEB8-8B4A-11D0-8D11-00A0C91BC942}") = "RandomName - Standalone Plugin", "RandomName_StandalonePlugin.vcxproj", "{BF8947C5-5DB4-8C1D-DC7A-3D453443B413}"
	ProjectSection(ProjectDependencies) = postProject
		{036E5CD4-677C-7B0C-8A73-B3730CF7CB5D} = {036E5CD4-677C-7B0C-8A73-B3730CF7CB5D}
	EndProjectSection
EndProject
Project("{8BC9CEB8-8B4A-11D0-8D11-00A0C91BC942}") = "RandomName - VST3", "RandomName_VST3.vcxproj", "{76BAC2D9-94EC-4B38-129D-CF697D0FD612}"
	ProjectSection(ProjectDependencies) = postProject
		{036E5CD4-677C-7B0C-8A73-B3730CF7CB5D} = {036E5CD4-677C-7B0C-8A73-B3730CF7CB5D}
	EndProjectSection
EndProject
Project("{8BC9CEB8-8B4A-11D0-8D11-00A0C91BC942}") = "RandomName - Shared Code", "RandomName_SharedCode.vcxproj", "{036E5CD4-677C-7B0C-8A73-B3730CF7CB5D}"
EndProject
Global
	GlobalSection(SolutionConfigurationPlatforms) = preSolution
		Debug|x64 = Debug|x64
		Release|x64 = Release|x64
	EndGlobalSection
	GlobalSection(ProjectConfigurationPlatforms) = postSolution
		{76BAC2D9-94EC-4B38-129D-CF697D0FD612}.Debug|x64.ActiveCfg = Debug|x64
		{76BAC2D9-94EC-4B38-129D-CF697D0FD612}.Debug|x64.Build.0 = Debug|x64
		{76BAC2D9-94EC-4B38-129D-CF697D0FD612}.Release|x64.ActiveCfg = Release|x64
		{76BAC2D9-94EC-4B38-129D-CF697D0FD612}.Release|x64.Build.0 = Release|x64
		{BF8947C5-5DB4-8C1D-DC7A-3D453443B413}.Debug|x64.ActiveCfg = Debug|x64
		{BF8947C5-5DB4-8C1D-DC7A-3D453443B413}.Debug|x64.Build.0 = Debug|x64
		{BF8947C5-5DB4-8C1D-DC7A-3D453443B413}.Release|x64.ActiveCfg = Release|x64
		{BF8947C5-5DB4-8C1D-DC7A-3D453443B413}.Release|x64.Build.0 = Release|x64
		{036E5CD4-677C-7B0C-8A73-B3730CF7CB5D}.Debug|x64.ActiveCfg = Debug|x64
		{036E5CD4-677C-7B0C-8A73-B3730CF7CB5D}.Debug|x64.Build.0 = Debug|x64
		{036E5CD4-677C-7B0C-8A73-B3730CF7CB5D}.Release|x64.ActiveCfg = Release|x64
		{036E5CD4-677C-7B0C-8A73-B3730CF7CB5D}.Release|x64.Build.0 = Release|x64
	EndGlobalSection
	GlobalSection(SolutionProperties) = preSolution
		HideSolutionNode = FALSE
	EndGlobalSection
EndGlobal
